{
  "name": "uwisp-server",
  "version": "1.0.0",
  "lockfileVersion": 3,
  "requires": true,
  "packages": {
    "": {
      "name": "uwisp-server",
      "version": "1.0.0",
      "license": "GPL-3.0",
      "dependencies": {
        "uWebSockets.js": "github:uNetworking/uWebSockets.js#v20.44.0"
      }
    },
    "node_modules/uWebSockets.js": {
      "version": "20.44.0",
      "resolved": "git+ssh://git@github.com/uNetworking/uWebSockets.js.git#8fa05571bf6ea95be8966ad313d9d39453e381ae"
    }
  }
}
